{
  "name": "@gsv/processes",
  "version": "0.1.4",
  "lockfileVersion": 3,
  "requires": true,
  "packages": {
    "": {
      "name": "@gsv/processes",
      "version": "0.1.4",
      "dependencies": {
        "@gsv/package": "file:../../shared/package",
        "preact": "^10.27.2"
      }
    },
    "../../shared/package": {
      "name": "@gsv/package",
      "version": "0.1.4",
      "dependencies": {
        "@gsv/app-link": "file:../app-link"
      }
    },
    "node_modules/@gsv/package": {
      "resolved": "../../shared/package",
      "link": true
    },
    "node_modules/preact": {
      "version": "10.29.1",
      "resolved": "https://registry.npmjs.org/preact/-/preact-10.29.1.tgz",
      "integrity": "sha512-gQCLc/vWroE8lIpleXtdJhTFDogTdZG9AjMUpVkDf2iTCNwYNWA+u16dL41TqUDJO4gm2IgrcMv3uTpjd4Pwmg==",
      "license": "MIT",
      "funding": {
        "type": "opencollective",
        "url": "https://opencollective.com/preact"
      }
    }
  }
}
