{
  "name": "@gsv/ascii-starfield",
  "version": "0.1.4",
  "lockfileVersion": 3,
  "requires": true,
  "packages": {
    "": {
      "name": "@gsv/ascii-starfield",
      "version": "0.1.4",
      "dependencies": {
        "@chenglou/pretext": "0.0.4",
        "@gsv/package": "file:../../shared/package",
        "capnweb": "^0.6.1"
      }
    },
    "../../shared/package": {
      "name": "@gsv/package",
      "version": "0.1.4",
      "dependencies": {
        "@gsv/app-link": "file:../app-link"
      }
    },
    "node_modules/@chenglou/pretext": {
      "version": "0.0.4",
      "resolved": "https://registry.npmjs.org/@chenglou/pretext/-/pretext-0.0.4.tgz",
      "integrity": "sha512-FnPAFMid1/p1j2V2gRPUVBarGUIb2PhkkC9YNnTOfPtTDgHKh8siO8PP9pCxpFfYlcodWPJpE1UbSHGQqt8pQQ==",
      "license": "MIT"
    },
    "node_modules/@gsv/package": {
      "resolved": "../../shared/package",
      "link": true
    },
    "node_modules/capnweb": {
      "version": "0.6.1",
      "resolved": "https://registry.npmjs.org/capnweb/-/capnweb-0.6.1.tgz",
      "integrity": "sha512-fmhV26QPd1ewf5R74h55oVZnGwIcSaRMzbfLQUy8+zOBjuTmT3KXoT8wxHvnp1m9Ht9BoUUS5ZwNLoVLfQTyBg==",
      "license": "MIT"
    }
  }
}
