{
  "name": "@gsv/shell",
  "version": "0.2.0",
  "lockfileVersion": 3,
  "requires": true,
  "packages": {
    "": {
      "name": "@gsv/shell",
      "version": "0.2.0",
      "dependencies": {
        "@gsv/package": "file:../../shared/package",
        "ghostty-web": "^0.4.0"
      }
    },
    "../../shared/package": {
      "name": "@gsv/package",
      "version": "0.2.0",
      "dependencies": {
        "@gsv/app-link": "file:../app-link"
      }
    },
    "node_modules/@gsv/package": {
      "resolved": "../../shared/package",
      "link": true
    },
    "node_modules/ghostty-web": {
      "version": "0.4.0",
      "resolved": "https://registry.npmjs.org/ghostty-web/-/ghostty-web-0.4.0.tgz",
      "integrity": "sha512-0puDBik2qapbD/QQBW9o5ZHfXnZBqZWx/ctBiVtKZ6ZLds4NYb+wZuw1cRLXZk9zYovIQ908z3rvFhexAvc5Hg==",
      "license": "MIT"
    }
  }
}
