{
  "name": "@gsv/shell",
  "version": "0.1.5",
  "lockfileVersion": 3,
  "requires": true,
  "packages": {
    "": {
      "name": "@gsv/shell",
      "version": "0.1.5",
      "dependencies": {
        "@gsv/package": "file:../../shared/package"
      }
    },
    "../../shared/package": {
      "name": "@gsv/package",
      "version": "0.1.5",
      "dependencies": {
        "@gsv/app-link": "file:../app-link"
      }
    },
    "node_modules/@gsv/package": {
      "resolved": "../../shared/package",
      "link": true
    }
  }
}
